
Microsoft Visual Studio Solution File, Format Version 12.00
# Visual Studio Version 17
VisualStudioVersion = 17.0.31808.319
MinimumVisualStudioVersion = 10.0.40219.1
Project("{9A19103F-16F7-4668-BE54-9A1E7A4F7556}") = "aspnet-playground", "aspnet-playground.csproj", "{1F10DFB2-5929-4C02-8B6C-7E67ECA90842}"
EndProject
Global
	GlobalSection(SolutionConfigurationPlatforms) = preSolution
		Debug|Any CPU = Debug|Any CPU
		Release|Any CPU = Release|Any CPU
	EndGlobalSection
	GlobalSection(ProjectConfigurationPlatforms) = postSolution
		{1F10DFB2-5929-4C02-8B6C-7E67ECA90842}.Debug|Any CPU.ActiveCfg = Debug|Any CPU
		{1F10DFB2-5929-4C02-8B6C-7E67ECA90842}.Debug|Any CPU.Build.0 = Debug|Any CPU
		{1F10DFB2-5929-4C02-8B6C-7E67ECA90842}.Release|Any CPU.ActiveCfg = Release|Any CPU
		{1F10DFB2-5929-4C02-8B6C-7E67ECA90842}.Release|Any CPU.Build.0 = Release|Any CPU
	EndGlobalSection
	GlobalSection(SolutionProperties) = preSolution
		HideSolutionNode = FALSE
	EndGlobalSection
	GlobalSection(ExtensibilityGlobals) = postSolution
		SolutionGuid = {BA68C4A3-5FB0-42E6-A106-736CED0C44DD}
	EndGlobalSection
EndGlobal
